// !$*UTF8*$!
{
	archiveVersion = 1;
	classes = {
	};
	objectVersion = 77;
	objects = {

/* Begin PBXBuildFile section */
		536BAEAA88018D06FDD40A65 /* Pods_VGS.framework in Frameworks */ = {isa = PBXBuildFile; fileRef = 71F8B4F0F9D917EBB0774789 /* Pods_VGS.framework */; };
		73CF818A34D4B5A17815D7FD /* Pods_VGS_VGSUITests.framework in Frameworks */ = {isa = PBXBuildFile; fileRef = B2FC649EE7F3767B21A4FE85 /* Pods_VGS_VGSUITests.framework */; };
		B38964912DFBBEFB00563C45 /* VSMSDK.xcframework in Frameworks */ = {isa = PBXBuildFile; fileRef = B389648E2DFBBEFB00563C45 /* VSMSDK.xcframework */; };
		B38964922DFBBEFB00563C45 /* VSMSDK.xcframework in Embed Frameworks */ = {isa = PBXBuildFile; fileRef = B389648E2DFBBEFB00563C45 /* VSMSDK.xcframework */; settings = {ATTRIBUTES = (CodeSignOnCopy, RemoveHeadersOnCopy, ); }; };
		B38964932DFBBEFB00563C45 /* TmapUISDK.xcframework in Frameworks */ = {isa = PBXBuildFile; fileRef = B389648F2DFBBEFB00563C45 /* TmapUISDK.xcframework */; };
		B38964942DFBBEFB00563C45 /* TmapUISDK.xcframework in Embed Frameworks */ = {isa = PBXBuildFile; fileRef = B389648F2DFBBEFB00563C45 /* TmapUISDK.xcframework */; settings = {ATTRIBUTES = (CodeSignOnCopy, RemoveHeadersOnCopy, ); }; };
		B38964952DFBBEFB00563C45 /* TmapNaviSDK.xcframework in Frameworks */ = {isa = PBXBuildFile; fileRef = B38964902DFBBEFB00563C45 /* TmapNaviSDK.xcframework */; };
		B38964962DFBBEFB00563C45 /* TmapNaviSDK.xcframework in Embed Frameworks */ = {isa = PBXBuildFile; fileRef = B38964902DFBBEFB00563C45 /* TmapNaviSDK.xcframework */; settings = {ATTRIBUTES = (CodeSignOnCopy, RemoveHeadersOnCopy, ); }; };
		B38965342DFBF48300563C45 /* TJLabsAuth.xcframework in Frameworks */ = {isa = PBXBuildFile; fileRef = B38964E82DFBEEE300563C45 /* TJLabsAuth.xcframework */; };
		B38965352DFBF48300563C45 /* TJLabsAuth.xcframework in Embed Frameworks */ = {isa = PBXBuildFile; fileRef = B38964E82DFBEEE300563C45 /* TJLabsAuth.xcframework */; settings = {ATTRIBUTES = (CodeSignOnCopy, RemoveHeadersOnCopy, ); }; };
		B3F51BF82DFFFBEF0069CD8A /* FirebaseAnalytics in Frameworks */ = {isa = PBXBuildFile; productRef = B3F51BF72DFFFBEF0069CD8A /* FirebaseAnalytics */; };
		B3F51BFA2DFFFBEF0069CD8A /* FirebaseCore in Frameworks */ = {isa = PBXBuildFile; productRef = B3F51BF92DFFFBEF0069CD8A /* FirebaseCore */; };
		B3F51BFC2DFFFBEF0069CD8A /* FirebaseCrashlytics in Frameworks */ = {isa = PBXBuildFile; productRef = B3F51BFB2DFFFBEF0069CD8A /* FirebaseCrashlytics */; };
		B3F51BFE2DFFFBEF0069CD8A /* FirebaseFirestore in Frameworks */ = {isa = PBXBuildFile; productRef = B3F51BFD2DFFFBEF0069CD8A /* FirebaseFirestore */; };
		B3F51C002DFFFBEF0069CD8A /* FirebaseRemoteConfig in Frameworks */ = {isa = PBXBuildFile; productRef = B3F51BFF2DFFFBEF0069CD8A /* FirebaseRemoteConfig */; };
		D4C4EE88B4F834DDB541EBE8 /* Pods_VGSTests.framework in Frameworks */ = {isa = PBXBuildFile; fileRef = 0821ED6873831102289EF530 /* Pods_VGSTests.framework */; };
/* End PBXBuildFile section */

/* Begin PBXContainerItemProxy section */
		B33A9E3E2DCAF44000E093E6 /* PBXContainerItemProxy */ = {
			isa = PBXContainerItemProxy;
			containerPortal = B33A9E1F2DCAF43D00E093E6 /* Project object */;
			proxyType = 1;
			remoteGlobalIDString = B33A9E262DCAF43D00E093E6;
			remoteInfo = VGS;
		};
		B33A9E482DCAF44000E093E6 /* PBXContainerItemProxy */ = {
			isa = PBXContainerItemProxy;
			containerPortal = B33A9E1F2DCAF43D00E093E6 /* Project object */;
			proxyType = 1;
			remoteGlobalIDString = B33A9E262DCAF43D00E093E6;
			remoteInfo = VGS;
		};
/* End PBXContainerItemProxy section */

/* Begin PBXCopyFilesBuildPhase section */
		B38964972DFBBEFB00563C45 /* Embed Frameworks */ = {
			isa = PBXCopyFilesBuildPhase;
			buildActionMask = 2147483647;
			dstPath = "";
			dstSubfolderSpec = 10;
			files = (
				B38964942DFBBEFB00563C45 /* TmapUISDK.xcframework in Embed Frameworks */,
				B38964962DFBBEFB00563C45 /* TmapNaviSDK.xcframework in Embed Frameworks */,
				B38964922DFBBEFB00563C45 /* VSMSDK.xcframework in Embed Frameworks */,
				B38965352DFBF48300563C45 /* TJLabsAuth.xcframework in Embed Frameworks */,
			);
			name = "Embed Frameworks";
			runOnlyForDeploymentPostprocessing = 0;
		};
/* End PBXCopyFilesBuildPhase section */

/* Begin PBXFileReference section */
		0821ED6873831102289EF530 /* Pods_VGSTests.framework */ = {isa = PBXFileReference; explicitFileType = wrapper.framework; includeInIndex = 0; path = Pods_VGSTests.framework; sourceTree = BUILT_PRODUCTS_DIR; };
		2ED4C66A2A84DD7B1C953596 /* Pods-VGS-VGSUITests.debug.xcconfig */ = {isa = PBXFileReference; includeInIndex = 1; lastKnownFileType = text.xcconfig; name = "Pods-VGS-VGSUITests.debug.xcconfig"; path = "Target Support Files/Pods-VGS-VGSUITests/Pods-VGS-VGSUITests.debug.xcconfig"; sourceTree = "<group>"; };
		460856275BB729CEC050C5CF /* Pods-VGS.release.xcconfig */ = {isa = PBXFileReference; includeInIndex = 1; lastKnownFileType = text.xcconfig; name = "Pods-VGS.release.xcconfig"; path = "Target Support Files/Pods-VGS/Pods-VGS.release.xcconfig"; sourceTree = "<group>"; };
		71F8B4F0F9D917EBB0774789 /* Pods_VGS.framework */ = {isa = PBXFileReference; explicitFileType = wrapper.framework; includeInIndex = 0; path = Pods_VGS.framework; sourceTree = BUILT_PRODUCTS_DIR; };
		83BEA20F715562BA5072353A /* Pods-VGSTests.release.xcconfig */ = {isa = PBXFileReference; includeInIndex = 1; lastKnownFileType = text.xcconfig; name = "Pods-VGSTests.release.xcconfig"; path = "Target Support Files/Pods-VGSTests/Pods-VGSTests.release.xcconfig"; sourceTree = "<group>"; };
		B2FC649EE7F3767B21A4FE85 /* Pods_VGS_VGSUITests.framework */ = {isa = PBXFileReference; explicitFileType = wrapper.framework; includeInIndex = 0; path = Pods_VGS_VGSUITests.framework; sourceTree = BUILT_PRODUCTS_DIR; };
		B33A9E272DCAF43D00E093E6 /* VGS.app */ = {isa = PBXFileReference; explicitFileType = wrapper.application; includeInIndex = 0; path = VGS.app; sourceTree = BUILT_PRODUCTS_DIR; };
		B33A9E3D2DCAF44000E093E6 /* VGSTests.xctest */ = {isa = PBXFileReference; explicitFileType = wrapper.cfbundle; includeInIndex = 0; path = VGSTests.xctest; sourceTree = BUILT_PRODUCTS_DIR; };
		B33A9E472DCAF44000E093E6 /* VGSUITests.xctest */ = {isa = PBXFileReference; explicitFileType = wrapper.cfbundle; includeInIndex = 0; path = VGSUITests.xctest; sourceTree = BUILT_PRODUCTS_DIR; };
		B33A9FC52DCB392F00E093E6 /* VSMSDK.xcframework */ = {isa = PBXFileReference; lastKnownFileType = wrapper.xcframework; name = VSMSDK.xcframework; path = "../[IOS]TMapNaviSDK_1.18/lib/VSMSDK.xcframework"; sourceTree = "<group>"; };
		B33A9FC62DCB392F00E093E6 /* TmapNaviSDK.xcframework */ = {isa = PBXFileReference; lastKnownFileType = wrapper.xcframework; name = TmapNaviSDK.xcframework; path = "../[IOS]TMapNaviSDK_1.18/lib/TmapNaviSDK.xcframework"; sourceTree = "<group>"; };
		B33A9FC72DCB392F00E093E6 /* TmapUISDK.xcframework */ = {isa = PBXFileReference; lastKnownFileType = wrapper.xcframework; name = TmapUISDK.xcframework; path = "../[IOS]TMapNaviSDK_1.18/lib/TmapUISDK.xcframework"; sourceTree = "<group>"; };
		B34EC4EA2DE02F4100531DBB /* TmapUISDK.xcframework */ = {isa = PBXFileReference; lastKnownFileType = wrapper.xcframework; name = TmapUISDK.xcframework; path = "../[IOS]TMapNaviSDK_1.19/lib/TmapUISDK.xcframework"; sourceTree = "<group>"; };
		B34EC4EB2DE02F4100531DBB /* TmapNaviSDK.xcframework */ = {isa = PBXFileReference; lastKnownFileType = wrapper.xcframework; name = TmapNaviSDK.xcframework; path = "../[IOS]TMapNaviSDK_1.19/lib/TmapNaviSDK.xcframework"; sourceTree = "<group>"; };
		B34EC4EC2DE02F4100531DBB /* VSMSDK.xcframework */ = {isa = PBXFileReference; lastKnownFileType = wrapper.xcframework; name = VSMSDK.xcframework; path = "../[IOS]TMapNaviSDK_1.19/lib/VSMSDK.xcframework"; sourceTree = "<group>"; };
		B34EC7262DE0510600531DBB /* KN-Bridging-Header.h */ = {isa = PBXFileReference; lastKnownFileType = sourcecode.c.h; path = "KN-Bridging-Header.h"; sourceTree = "<group>"; };
		B389648E2DFBBEFB00563C45 /* VSMSDK.xcframework */ = {isa = PBXFileReference; lastKnownFileType = wrapper.xcframework; name = VSMSDK.xcframework; path = "../[IOS]TMapNaviSDK_1.20/lib/VSMSDK.xcframework"; sourceTree = "<group>"; };
		B389648F2DFBBEFB00563C45 /* TmapUISDK.xcframework */ = {isa = PBXFileReference; lastKnownFileType = wrapper.xcframework; name = TmapUISDK.xcframework; path = "../[IOS]TMapNaviSDK_1.20/lib/TmapUISDK.xcframework"; sourceTree = "<group>"; };
		B38964902DFBBEFB00563C45 /* TmapNaviSDK.xcframework */ = {isa = PBXFileReference; lastKnownFileType = wrapper.xcframework; name = TmapNaviSDK.xcframework; path = "../[IOS]TMapNaviSDK_1.20/lib/TmapNaviSDK.xcframework"; sourceTree = "<group>"; };
		B38964B92DFBEA3100563C45 /* TJLabsAuth.xcframework */ = {isa = PBXFileReference; expectedSignature = "AppleDeveloperProgram:G75UAV755N:TJLABS Corp."; lastKnownFileType = wrapper.xcframework; name = TJLabsAuth.xcframework; path = "../Frameworks/TJLabsAuth-sdk-ios/xcframeworks/TJLabsAuth.xcframework"; sourceTree = "<group>"; };
		B38964E82DFBEEE300563C45 /* TJLabsAuth.xcframework */ = {isa = PBXFileReference; expectedSignature = "AppleDeveloperProgram:G75UAV755N:TJLABS Corp."; lastKnownFileType = wrapper.xcframework; path = TJLabsAuth.xcframework; sourceTree = "<group>"; };
		D0069715B92AFDE72915F2B6 /* Pods-VGS-VGSUITests.release.xcconfig */ = {isa = PBXFileReference; includeInIndex = 1; lastKnownFileType = text.xcconfig; name = "Pods-VGS-VGSUITests.release.xcconfig"; path = "Target Support Files/Pods-VGS-VGSUITests/Pods-VGS-VGSUITests.release.xcconfig"; sourceTree = "<group>"; };
		E7F04E2DB3A04757C616EF13 /* Pods-VGSTests.debug.xcconfig */ = {isa = PBXFileReference; includeInIndex = 1; lastKnownFileType = text.xcconfig; name = "Pods-VGSTests.debug.xcconfig"; path = "Target Support Files/Pods-VGSTests/Pods-VGSTests.debug.xcconfig"; sourceTree = "<group>"; };
		E85DD6410C5846038FEE4B63 /* Pods-VGS.debug.xcconfig */ = {isa = PBXFileReference; includeInIndex = 1; lastKnownFileType = text.xcconfig; name = "Pods-VGS.debug.xcconfig"; path = "Target Support Files/Pods-VGS/Pods-VGS.debug.xcconfig"; sourceTree = "<group>"; };
/* End PBXFileReference section */

/* Begin PBXFileSystemSynchronizedBuildFileExceptionSet section */
		B33A9E4F2DCAF44000E093E6 /* Exceptions for "VGS" folder in "VGS" target */ = {
			isa = PBXFileSystemSynchronizedBuildFileExceptionSet;
			membershipExceptions = (
				Info.plist,
			);
			target = B33A9E262DCAF43D00E093E6 /* VGS */;
		};
/* End PBXFileSystemSynchronizedBuildFileExceptionSet section */

/* Begin PBXFileSystemSynchronizedRootGroup section */
		B33A9E292DCAF43D00E093E6 /* VGS */ = {
			isa = PBXFileSystemSynchronizedRootGroup;
			exceptions = (
				B33A9E4F2DCAF44000E093E6 /* Exceptions for "VGS" folder in "VGS" target */,
			);
			path = VGS;
			sourceTree = "<group>";
		};
		B33A9E402DCAF44000E093E6 /* VGSTests */ = {
			isa = PBXFileSystemSynchronizedRootGroup;
			path = VGSTests;
			sourceTree = "<group>";
		};
		B33A9E4A2DCAF44000E093E6 /* VGSUITests */ = {
			isa = PBXFileSystemSynchronizedRootGroup;
			path = VGSUITests;
			sourceTree = "<group>";
		};
/* End PBXFileSystemSynchronizedRootGroup section */

/* Begin PBXFrameworksBuildPhase section */
		B33A9E242DCAF43D00E093E6 /* Frameworks */ = {
			isa = PBXFrameworksBuildPhase;
			buildActionMask = 2147483647;
			files = (
				B38964952DFBBEFB00563C45 /* TmapNaviSDK.xcframework in Frameworks */,
				536BAEAA88018D06FDD40A65 /* Pods_VGS.framework in Frameworks */,
				B3F51BF82DFFFBEF0069CD8A /* FirebaseAnalytics in Frameworks */,
				B38964932DFBBEFB00563C45 /* TmapUISDK.xcframework in Frameworks */,
				B3F51BFA2DFFFBEF0069CD8A /* FirebaseCore in Frameworks */,
				B3F51BFE2DFFFBEF0069CD8A /* FirebaseFirestore in Frameworks */,
				B3F51BFC2DFFFBEF0069CD8A /* FirebaseCrashlytics in Frameworks */,
				B38965342DFBF48300563C45 /* TJLabsAuth.xcframework in Frameworks */,
				B38964912DFBBEFB00563C45 /* VSMSDK.xcframework in Frameworks */,
				B3F51C002DFFFBEF0069CD8A /* FirebaseRemoteConfig in Frameworks */,
			);
			runOnlyForDeploymentPostprocessing = 0;
		};
		B33A9E3A2DCAF44000E093E6 /* Frameworks */ = {
			isa = PBXFrameworksBuildPhase;
			buildActionMask = 2147483647;
			files = (
				D4C4EE88B4F834DDB541EBE8 /* Pods_VGSTests.framework in Frameworks */,
			);
			runOnlyForDeploymentPostprocessing = 0;
		};
		B33A9E442DCAF44000E093E6 /* Frameworks */ = {
			isa = PBXFrameworksBuildPhase;
			buildActionMask = 2147483647;
			files = (
				73CF818A34D4B5A17815D7FD /* Pods_VGS_VGSUITests.framework in Frameworks */,
			);
			runOnlyForDeploymentPostprocessing = 0;
		};
/* End PBXFrameworksBuildPhase section */

/* Begin PBXGroup section */
		84B9FC8ECB82495BA6BC69CA /* Frameworks */ = {
			isa = PBXGroup;
			children = (
				B38964E92DFBEEE300563C45 /* xcframeworks */,
				B38964B92DFBEA3100563C45 /* TJLabsAuth.xcframework */,
				B33A9FC62DCB392F00E093E6 /* TmapNaviSDK.xcframework */,
				B34EC4EB2DE02F4100531DBB /* TmapNaviSDK.xcframework */,
				B38964902DFBBEFB00563C45 /* TmapNaviSDK.xcframework */,
				B33A9FC72DCB392F00E093E6 /* TmapUISDK.xcframework */,
				B389648F2DFBBEFB00563C45 /* TmapUISDK.xcframework */,
				B33A9FC52DCB392F00E093E6 /* VSMSDK.xcframework */,
				B34EC4EA2DE02F4100531DBB /* TmapUISDK.xcframework */,
				B34EC4EC2DE02F4100531DBB /* VSMSDK.xcframework */,
				B389648E2DFBBEFB00563C45 /* VSMSDK.xcframework */,
				71F8B4F0F9D917EBB0774789 /* Pods_VGS.framework */,
				B2FC649EE7F3767B21A4FE85 /* Pods_VGS_VGSUITests.framework */,
				0821ED6873831102289EF530 /* Pods_VGSTests.framework */,
			);
			name = Frameworks;
			sourceTree = "<group>";
		};
		B33A9E1E2DCAF43D00E093E6 = {
			isa = PBXGroup;
			children = (
				B34EC7262DE0510600531DBB /* KN-Bridging-Header.h */,
				B33A9E292DCAF43D00E093E6 /* VGS */,
				B33A9E402DCAF44000E093E6 /* VGSTests */,
				B33A9E4A2DCAF44000E093E6 /* VGSUITests */,
				B33A9E282DCAF43D00E093E6 /* Products */,
				FACCFB10123CDE363CB56999 /* Pods */,
				84B9FC8ECB82495BA6BC69CA /* Frameworks */,
			);
			sourceTree = "<group>";
		};
		B33A9E282DCAF43D00E093E6 /* Products */ = {
			isa = PBXGroup;
			children = (
				B33A9E272DCAF43D00E093E6 /* VGS.app */,
				B33A9E3D2DCAF44000E093E6 /* VGSTests.xctest */,
				B33A9E472DCAF44000E093E6 /* VGSUITests.xctest */,
			);
			name = Products;
			sourceTree = "<group>";
		};
		B38964E92DFBEEE300563C45 /* xcframeworks */ = {
			isa = PBXGroup;
			children = (
				B38964E82DFBEEE300563C45 /* TJLabsAuth.xcframework */,
			);
			name = xcframeworks;
			path = "../Frameworks/TJLabsAuth-sdk-ios/xcframeworks";
			sourceTree = "<group>";
		};
		FACCFB10123CDE363CB56999 /* Pods */ = {
			isa = PBXGroup;
			children = (
				E85DD6410C5846038FEE4B63 /* Pods-VGS.debug.xcconfig */,
				460856275BB729CEC050C5CF /* Pods-VGS.release.xcconfig */,
				2ED4C66A2A84DD7B1C953596 /* Pods-VGS-VGSUITests.debug.xcconfig */,
				D0069715B92AFDE72915F2B6 /* Pods-VGS-VGSUITests.release.xcconfig */,
				E7F04E2DB3A04757C616EF13 /* Pods-VGSTests.debug.xcconfig */,
				83BEA20F715562BA5072353A /* Pods-VGSTests.release.xcconfig */,
			);
			path = Pods;
			sourceTree = "<group>";
		};
/* End PBXGroup section */

/* Begin PBXNativeTarget section */
		B33A9E262DCAF43D00E093E6 /* VGS */ = {
			isa = PBXNativeTarget;
			buildConfigurationList = B33A9E502DCAF44000E093E6 /* Build configuration list for PBXNativeTarget "VGS" */;
			buildPhases = (
				C6268895BBFA4AE5471C998C /* [CP] Check Pods Manifest.lock */,
				B33A9E232DCAF43D00E093E6 /* Sources */,
				B33A9E242DCAF43D00E093E6 /* Frameworks */,
				B33A9E252DCAF43D00E093E6 /* Resources */,
				0D21F94070046DCE50506358 /* [CP] Embed Pods Frameworks */,
				B38964972DFBBEFB00563C45 /* Embed Frameworks */,
			);
			buildRules = (
			);
			dependencies = (
			);
			fileSystemSynchronizedGroups = (
				B33A9E292DCAF43D00E093E6 /* VGS */,
			);
			name = VGS;
			productName = VGS;
			productReference = B33A9E272DCAF43D00E093E6 /* VGS.app */;
			productType = "com.apple.product-type.application";
		};
		B33A9E3C2DCAF44000E093E6 /* VGSTests */ = {
			isa = PBXNativeTarget;
			buildConfigurationList = B33A9E552DCAF44000E093E6 /* Build configuration list for PBXNativeTarget "VGSTests" */;
			buildPhases = (
				055E7F05EB9C7F2DC0CE465F /* [CP] Check Pods Manifest.lock */,
				B33A9E392DCAF44000E093E6 /* Sources */,
				B33A9E3A2DCAF44000E093E6 /* Frameworks */,
				B33A9E3B2DCAF44000E093E6 /* Resources */,
			);
			buildRules = (
			);
			dependencies = (
				B33A9E3F2DCAF44000E093E6 /* PBXTargetDependency */,
			);
			fileSystemSynchronizedGroups = (
				B33A9E402DCAF44000E093E6 /* VGSTests */,
			);
			name = VGSTests;
			productName = VGSTests;
			productReference = B33A9E3D2DCAF44000E093E6 /* VGSTests.xctest */;
			productType = "com.apple.product-type.bundle.unit-test";
		};
		B33A9E462DCAF44000E093E6 /* VGSUITests */ = {
			isa = PBXNativeTarget;
			buildConfigurationList = B33A9E582DCAF44000E093E6 /* Build configuration list for PBXNativeTarget "VGSUITests" */;
			buildPhases = (
				457E242FDB9232FBD0C187CA /* [CP] Check Pods Manifest.lock */,
				B33A9E432DCAF44000E093E6 /* Sources */,
				B33A9E442DCAF44000E093E6 /* Frameworks */,
				B33A9E452DCAF44000E093E6 /* Resources */,
				7D3F016E1417F98D1632C1B2 /* [CP] Embed Pods Frameworks */,
			);
			buildRules = (
			);
			dependencies = (
				B33A9E492DCAF44000E093E6 /* PBXTargetDependency */,
			);
			fileSystemSynchronizedGroups = (
				B33A9E4A2DCAF44000E093E6 /* VGSUITests */,
			);
			name = VGSUITests;
			productName = VGSUITests;
			productReference = B33A9E472DCAF44000E093E6 /* VGSUITests.xctest */;
			productType = "com.apple.product-type.bundle.ui-testing";
		};
/* End PBXNativeTarget section */

/* Begin PBXProject section */
		B33A9E1F2DCAF43D00E093E6 /* Project object */ = {
			isa = PBXProject;
			attributes = {
				BuildIndependentTargetsInParallel = 1;
				LastSwiftUpdateCheck = 1620;
				LastUpgradeCheck = 1620;
				TargetAttributes = {
					B33A9E262DCAF43D00E093E6 = {
						CreatedOnToolsVersion = 16.2;
					};
					B33A9E3C2DCAF44000E093E6 = {
						CreatedOnToolsVersion = 16.2;
						TestTargetID = B33A9E262DCAF43D00E093E6;
					};
					B33A9E462DCAF44000E093E6 = {
						CreatedOnToolsVersion = 16.2;
						TestTargetID = B33A9E262DCAF43D00E093E6;
					};
				};
			};
			buildConfigurationList = B33A9E222DCAF43D00E093E6 /* Build configuration list for PBXProject "VGS" */;
			developmentRegion = en;
			hasScannedForEncodings = 0;
			knownRegions = (
				en,
				Base,
			);
			mainGroup = B33A9E1E2DCAF43D00E093E6;
			minimizedProjectReferenceProxies = 1;
			packageReferences = (
				B3F51BF62DFFFBEF0069CD8A /* XCRemoteSwiftPackageReference "firebase-ios-sdk" */,
			);
			preferredProjectObjectVersion = 77;
			productRefGroup = B33A9E282DCAF43D00E093E6 /* Products */;
			projectDirPath = "";
			projectRoot = "";
			targets = (
				B33A9E262DCAF43D00E093E6 /* VGS */,
				B33A9E3C2DCAF44000E093E6 /* VGSTests */,
				B33A9E462DCAF44000E093E6 /* VGSUITests */,
			);
		};
/* End PBXProject section */

/* Begin PBXResourcesBuildPhase section */
		B33A9E252DCAF43D00E093E6 /* Resources */ = {
			isa = PBXResourcesBuildPhase;
			buildActionMask = 2147483647;
			files = (
			);
			runOnlyForDeploymentPostprocessing = 0;
		};
		B33A9E3B2DCAF44000E093E6 /* Resources */ = {
			isa = PBXResourcesBuildPhase;
			buildActionMask = 2147483647;
			files = (
			);
			runOnlyForDeploymentPostprocessing = 0;
		};
		B33A9E452DCAF44000E093E6 /* Resources */ = {
			isa = PBXResourcesBuildPhase;
			buildActionMask = 2147483647;
			files = (
			);
			runOnlyForDeploymentPostprocessing = 0;
		};
/* End PBXResourcesBuildPhase section */

/* Begin PBXShellScriptBuildPhase section */
		055E7F05EB9C7F2DC0CE465F /* [CP] Check Pods Manifest.lock */ = {
			isa = PBXShellScriptBuildPhase;
			buildActionMask = 2147483647;
			files = (
			);
			inputFileListPaths = (
			);
			inputPaths = (
				"${PODS_PODFILE_DIR_PATH}/Podfile.lock",
				"${PODS_ROOT}/Manifest.lock",
			);
			name = "[CP] Check Pods Manifest.lock";
			outputFileListPaths = (
			);
			outputPaths = (
				"$(DERIVED_FILE_DIR)/Pods-VGSTests-checkManifestLockResult.txt",
			);
			runOnlyForDeploymentPostprocessing = 0;
			shellPath = /bin/sh;
			shellScript = "diff \"${PODS_PODFILE_DIR_PATH}/Podfile.lock\" \"${PODS_ROOT}/Manifest.lock\" > /dev/null\nif [ $? != 0 ] ; then\n    # print error to STDERR\n    echo \"error: The sandbox is not in sync with the Podfile.lock. Run 'pod install' or update your CocoaPods installation.\" >&2\n    exit 1\nfi\n# This output is used by Xcode 'outputs' to avoid re-running this script phase.\necho \"SUCCESS\" > \"${SCRIPT_OUTPUT_FILE_0}\"\n";
			showEnvVarsInLog = 0;
		};
		0D21F94070046DCE50506358 /* [CP] Embed Pods Frameworks */ = {
			isa = PBXShellScriptBuildPhase;
			buildActionMask = 2147483647;
			files = (
			);
			inputFileListPaths = (
				"${PODS_ROOT}/Target Support Files/Pods-VGS/Pods-VGS-frameworks-${CONFIGURATION}-input-files.xcfilelist",
			);
			name = "[CP] Embed Pods Frameworks";
			outputFileListPaths = (
				"${PODS_ROOT}/Target Support Files/Pods-VGS/Pods-VGS-frameworks-${CONFIGURATION}-output-files.xcfilelist",
			);
			runOnlyForDeploymentPostprocessing = 0;
			shellPath = /bin/sh;
			shellScript = "\"${PODS_ROOT}/Target Support Files/Pods-VGS/Pods-VGS-frameworks.sh\"\n";
			showEnvVarsInLog = 0;
		};
		457E242FDB9232FBD0C187CA /* [CP] Check Pods Manifest.lock */ = {
			isa = PBXShellScriptBuildPhase;
			buildActionMask = 2147483647;
			files = (
			);
			inputFileListPaths = (
			);
			inputPaths = (
				"${PODS_PODFILE_DIR_PATH}/Podfile.lock",
				"${PODS_ROOT}/Manifest.lock",
			);
			name = "[CP] Check Pods Manifest.lock";
			outputFileListPaths = (
			);
			outputPaths = (
				"$(DERIVED_FILE_DIR)/Pods-VGS-VGSUITests-checkManifestLockResult.txt",
			);
			runOnlyForDeploymentPostprocessing = 0;
			shellPath = /bin/sh;
			shellScript = "diff \"${PODS_PODFILE_DIR_PATH}/Podfile.lock\" \"${PODS_ROOT}/Manifest.lock\" > /dev/null\nif [ $? != 0 ] ; then\n    # print error to STDERR\n    echo \"error: The sandbox is not in sync with the Podfile.lock. Run 'pod install' or update your CocoaPods installation.\" >&2\n    exit 1\nfi\n# This output is used by Xcode 'outputs' to avoid re-running this script phase.\necho \"SUCCESS\" > \"${SCRIPT_OUTPUT_FILE_0}\"\n";
			showEnvVarsInLog = 0;
		};
		7D3F016E1417F98D1632C1B2 /* [CP] Embed Pods Frameworks */ = {
			isa = PBXShellScriptBuildPhase;
			buildActionMask = 2147483647;
			files = (
			);
			inputFileListPaths = (
				"${PODS_ROOT}/Target Support Files/Pods-VGS-VGSUITests/Pods-VGS-VGSUITests-frameworks-${CONFIGURATION}-input-files.xcfilelist",
			);
			name = "[CP] Embed Pods Frameworks";
			outputFileListPaths = (
				"${PODS_ROOT}/Target Support Files/Pods-VGS-VGSUITests/Pods-VGS-VGSUITests-frameworks-${CONFIGURATION}-output-files.xcfilelist",
			);
			runOnlyForDeploymentPostprocessing = 0;
			shellPath = /bin/sh;
			shellScript = "\"${PODS_ROOT}/Target Support Files/Pods-VGS-VGSUITests/Pods-VGS-VGSUITests-frameworks.sh\"\n";
			showEnvVarsInLog = 0;
		};
		C6268895BBFA4AE5471C998C /* [CP] Check Pods Manifest.lock */ = {
			isa = PBXShellScriptBuildPhase;
			buildActionMask = 2147483647;
			files = (
			);
			inputFileListPaths = (
			);
			inputPaths = (
				"${PODS_PODFILE_DIR_PATH}/Podfile.lock",
				"${PODS_ROOT}/Manifest.lock",
			);
			name = "[CP] Check Pods Manifest.lock";
			outputFileListPaths = (
			);
			outputPaths = (
				"$(DERIVED_FILE_DIR)/Pods-VGS-checkManifestLockResult.txt",
			);
			runOnlyForDeploymentPostprocessing = 0;
			shellPath = /bin/sh;
			shellScript = "diff \"${PODS_PODFILE_DIR_PATH}/Podfile.lock\" \"${PODS_ROOT}/Manifest.lock\" > /dev/null\nif [ $? != 0 ] ; then\n    # print error to STDERR\n    echo \"error: The sandbox is not in sync with the Podfile.lock. Run 'pod install' or update your CocoaPods installation.\" >&2\n    exit 1\nfi\n# This output is used by Xcode 'outputs' to avoid re-running this script phase.\necho \"SUCCESS\" > \"${SCRIPT_OUTPUT_FILE_0}\"\n";
			showEnvVarsInLog = 0;
		};
/* End PBXShellScriptBuildPhase section */

/* Begin PBXSourcesBuildPhase section */
		B33A9E232DCAF43D00E093E6 /* Sources */ = {
			isa = PBXSourcesBuildPhase;
			buildActionMask = 2147483647;
			files = (
			);
			runOnlyForDeploymentPostprocessing = 0;
		};
		B33A9E392DCAF44000E093E6 /* Sources */ = {
			isa = PBXSourcesBuildPhase;
			buildActionMask = 2147483647;
			files = (
			);
			runOnlyForDeploymentPostprocessing = 0;
		};
		B33A9E432DCAF44000E093E6 /* Sources */ = {
			isa = PBXSourcesBuildPhase;
			buildActionMask = 2147483647;
			files = (
			);
			runOnlyForDeploymentPostprocessing = 0;
		};
/* End PBXSourcesBuildPhase section */

/* Begin PBXTargetDependency section */
		B33A9E3F2DCAF44000E093E6 /* PBXTargetDependency */ = {
			isa = PBXTargetDependency;
			target = B33A9E262DCAF43D00E093E6 /* VGS */;
			targetProxy = B33A9E3E2DCAF44000E093E6 /* PBXContainerItemProxy */;
		};
		B33A9E492DCAF44000E093E6 /* PBXTargetDependency */ = {
			isa = PBXTargetDependency;
			target = B33A9E262DCAF43D00E093E6 /* VGS */;
			targetProxy = B33A9E482DCAF44000E093E6 /* PBXContainerItemProxy */;
		};
/* End PBXTargetDependency section */

/* Begin XCBuildConfiguration section */
		B33A9E512DCAF44000E093E6 /* Debug */ = {
			isa = XCBuildConfiguration;
			baseConfigurationReference = E85DD6410C5846038FEE4B63 /* Pods-VGS.debug.xcconfig */;
			buildSettings = {
				ASSETCATALOG_COMPILER_APPICON_NAME = AppIcon;
				ASSETCATALOG_COMPILER_GLOBAL_ACCENT_COLOR_NAME = AccentColor;
				CODE_SIGN_STYLE = Automatic;
				CURRENT_PROJECT_VERSION = 1;
				DEFINES_MODULE = YES;
				DEVELOPMENT_TEAM = G75UAV755N;
				ENABLE_USER_SCRIPT_SANDBOXING = NO;
				GENERATE_INFOPLIST_FILE = YES;
				INFOPLIST_FILE = VGS/Info.plist;
				INFOPLIST_KEY_LSApplicationCategoryType = "public.app-category.lifestyle";
				INFOPLIST_KEY_LSSupportsOpeningDocumentsInPlace = YES;
				INFOPLIST_KEY_NSBluetoothAlwaysUsageDescription = "블루투스 신호를 이용하여 사용자에게 위치 정보를 제공하므로, 블루투스 관련 권한 허용이 필요합니다.";
				INFOPLIST_KEY_NSBluetoothPeripheralUsageDescription = "블루투스 신호를 이용하여 사용자에게 위치 정보를 제공하므로, 블루투스 관련 권한 허용이 필요합니다.";
				INFOPLIST_KEY_NSLocationWhenInUseUsageDescription = "블루투스 신호를 이용하여 사용자에게 위치 정보를 제공하므로, 위치 권한 허용이 필요합니다.";
				INFOPLIST_KEY_NSMotionUsageDescription = "Allow my app to access motion usage.";
				INFOPLIST_KEY_UIApplicationSupportsIndirectInputEvents = YES;
				INFOPLIST_KEY_UILaunchStoryboardName = LaunchScreen;
				INFOPLIST_KEY_UIMainStoryboardFile = Main;
				INFOPLIST_KEY_UIRequiredDeviceCapabilities = "armv7 accelerometer gyroscope magnetometer bluetooth-le";
				INFOPLIST_KEY_UISupportedInterfaceOrientations_iPad = "UIInterfaceOrientationPortrait UIInterfaceOrientationPortraitUpsideDown UIInterfaceOrientationLandscapeLeft UIInterfaceOrientationLandscapeRight";
				INFOPLIST_KEY_UISupportedInterfaceOrientations_iPhone = "UIInterfaceOrientationPortrait UIInterfaceOrientationLandscapeLeft UIInterfaceOrientationLandscapeRight";
				INFOPLIST_KEY_UIUserInterfaceStyle = Light;
				IPHONEOS_DEPLOYMENT_TARGET = 15.6;
				LD_RUNPATH_SEARCH_PATHS = (
					"$(inherited)",
					"@executable_path/Frameworks",
				);
				MARKETING_VERSION = 1.0.0;
				PRODUCT_BUNDLE_IDENTIFIER = "com.tjlabscorp.ios.VGS-app";
				PRODUCT_NAME = "$(TARGET_NAME)";
				SUPPORTED_PLATFORMS = "iphoneos iphonesimulator";
				SUPPORTS_MACCATALYST = NO;
				SUPPORTS_MAC_DESIGNED_FOR_IPHONE_IPAD = NO;
				SUPPORTS_XR_DESIGNED_FOR_IPHONE_IPAD = NO;
				SWIFT_EMIT_LOC_STRINGS = YES;
				SWIFT_OBJC_BRIDGING_HEADER = "KN-Bridging-Header.h";
				SWIFT_VERSION = 5.0;
				TARGETED_DEVICE_FAMILY = 1;
			};
			name = Debug;
		};
		B33A9E522DCAF44000E093E6 /* Release */ = {
			isa = XCBuildConfiguration;
			baseConfigurationReference = 460856275BB729CEC050C5CF /* Pods-VGS.release.xcconfig */;
			buildSettings = {
				ASSETCATALOG_COMPILER_APPICON_NAME = AppIcon;
				ASSETCATALOG_COMPILER_GLOBAL_ACCENT_COLOR_NAME = AccentColor;
				CODE_SIGN_STYLE = Automatic;
				CURRENT_PROJECT_VERSION = 1;
				DEFINES_MODULE = YES;
				DEVELOPMENT_TEAM = G75UAV755N;
				ENABLE_USER_SCRIPT_SANDBOXING = NO;
				GENERATE_INFOPLIST_FILE = YES;
				INFOPLIST_FILE = VGS/Info.plist;
				INFOPLIST_KEY_LSApplicationCategoryType = "public.app-category.lifestyle";
				INFOPLIST_KEY_LSSupportsOpeningDocumentsInPlace = YES;
				INFOPLIST_KEY_NSBluetoothAlwaysUsageDescription = "블루투스 신호를 이용하여 사용자에게 위치 정보를 제공하므로, 블루투스 관련 권한 허용이 필요합니다.";
				INFOPLIST_KEY_NSBluetoothPeripheralUsageDescription = "블루투스 신호를 이용하여 사용자에게 위치 정보를 제공하므로, 블루투스 관련 권한 허용이 필요합니다.";
				INFOPLIST_KEY_NSLocationWhenInUseUsageDescription = "블루투스 신호를 이용하여 사용자에게 위치 정보를 제공하므로, 위치 권한 허용이 필요합니다.";
				INFOPLIST_KEY_NSMotionUsageDescription = "Allow my app to access motion usage.";
				INFOPLIST_KEY_UIApplicationSupportsIndirectInputEvents = YES;
				INFOPLIST_KEY_UILaunchStoryboardName = LaunchScreen;
				INFOPLIST_KEY_UIMainStoryboardFile = Main;
				INFOPLIST_KEY_UIRequiredDeviceCapabilities = "armv7 accelerometer gyroscope magnetometer bluetooth-le";
				INFOPLIST_KEY_UISupportedInterfaceOrientations_iPad = "UIInterfaceOrientationPortrait UIInterfaceOrientationPortraitUpsideDown UIInterfaceOrientationLandscapeLeft UIInterfaceOrientationLandscapeRight";
				INFOPLIST_KEY_UISupportedInterfaceOrientations_iPhone = "UIInterfaceOrientationPortrait UIInterfaceOrientationLandscapeLeft UIInterfaceOrientationLandscapeRight";
				INFOPLIST_KEY_UIUserInterfaceStyle = Light;
				IPHONEOS_DEPLOYMENT_TARGET = 15.6;
				LD_RUNPATH_SEARCH_PATHS = (
					"$(inherited)",
					"@executable_path/Frameworks",
				);
				MARKETING_VERSION = 1.0.0;
				PRODUCT_BUNDLE_IDENTIFIER = "com.tjlabscorp.ios.VGS-app";
				PRODUCT_NAME = "$(TARGET_NAME)";
				SUPPORTED_PLATFORMS = "iphoneos iphonesimulator";
				SUPPORTS_MACCATALYST = NO;
				SUPPORTS_MAC_DESIGNED_FOR_IPHONE_IPAD = NO;
				SUPPORTS_XR_DESIGNED_FOR_IPHONE_IPAD = NO;
				SWIFT_EMIT_LOC_STRINGS = YES;
				SWIFT_OBJC_BRIDGING_HEADER = "KN-Bridging-Header.h";
				SWIFT_VERSION = 5.0;
				TARGETED_DEVICE_FAMILY = 1;
			};
			name = Release;
		};
		B33A9E532DCAF44000E093E6 /* Debug */ = {
			isa = XCBuildConfiguration;
			baseConfigurationReferenceAnchor = B33A9E292DCAF43D00E093E6 /* VGS */;
			baseConfigurationReferenceRelativePath = SecretConfig.xcconfig;
			buildSettings = {
				ALWAYS_SEARCH_USER_PATHS = NO;
				ASSETCATALOG_COMPILER_GENERATE_SWIFT_ASSET_SYMBOL_EXTENSIONS = YES;
				CLANG_ANALYZER_NONNULL = YES;
				CLANG_ANALYZER_NUMBER_OBJECT_CONVERSION = YES_AGGRESSIVE;
				CLANG_CXX_LANGUAGE_STANDARD = "gnu++20";
				CLANG_ENABLE_MODULES = YES;
				CLANG_ENABLE_OBJC_ARC = YES;
				CLANG_ENABLE_OBJC_WEAK = YES;
				CLANG_WARN_BLOCK_CAPTURE_AUTORELEASING = YES;
				CLANG_WARN_BOOL_CONVERSION = YES;
				CLANG_WARN_COMMA = YES;
				CLANG_WARN_CONSTANT_CONVERSION = YES;
				CLANG_WARN_DEPRECATED_OBJC_IMPLEMENTATIONS = YES;
				CLANG_WARN_DIRECT_OBJC_ISA_USAGE = YES_ERROR;
				CLANG_WARN_DOCUMENTATION_COMMENTS = YES;
				CLANG_WARN_EMPTY_BODY = YES;
				CLANG_WARN_ENUM_CONVERSION = YES;
				CLANG_WARN_INFINITE_RECURSION = YES;
				CLANG_WARN_INT_CONVERSION = YES;
				CLANG_WARN_NON_LITERAL_NULL_CONVERSION = YES;
				CLANG_WARN_OBJC_IMPLICIT_RETAIN_SELF = YES;
				CLANG_WARN_OBJC_LITERAL_CONVERSION = YES;
				CLANG_WARN_OBJC_ROOT_CLASS = YES_ERROR;
				CLANG_WARN_QUOTED_INCLUDE_IN_FRAMEWORK_HEADER = YES;
				CLANG_WARN_RANGE_LOOP_ANALYSIS = YES;
				CLANG_WARN_STRICT_PROTOTYPES = YES;
				CLANG_WARN_SUSPICIOUS_MOVE = YES;
				CLANG_WARN_UNGUARDED_AVAILABILITY = YES_AGGRESSIVE;
				CLANG_WARN_UNREACHABLE_CODE = YES;
				CLANG_WARN__DUPLICATE_METHOD_MATCH = YES;
				COPY_PHASE_STRIP = NO;
				DEBUG_INFORMATION_FORMAT = dwarf;
				ENABLE_STRICT_OBJC_MSGSEND = YES;
				ENABLE_TESTABILITY = YES;
				ENABLE_USER_SCRIPT_SANDBOXING = YES;
				GCC_C_LANGUAGE_STANDARD = gnu17;
				GCC_DYNAMIC_NO_PIC = NO;
				GCC_NO_COMMON_BLOCKS = YES;
				GCC_OPTIMIZATION_LEVEL = 0;
				GCC_PREPROCESSOR_DEFINITIONS = (
					"DEBUG=1",
					"$(inherited)",
				);
				GCC_WARN_64_TO_32_BIT_CONVERSION = YES;
				GCC_WARN_ABOUT_RETURN_TYPE = YES_ERROR;
				GCC_WARN_UNDECLARED_SELECTOR = YES;
				GCC_WARN_UNINITIALIZED_AUTOS = YES_AGGRESSIVE;
				GCC_WARN_UNUSED_FUNCTION = YES;
				GCC_WARN_UNUSED_VARIABLE = YES;
				IPHONEOS_DEPLOYMENT_TARGET = 15.6;
				LOCALIZATION_PREFERS_STRING_CATALOGS = YES;
				MTL_ENABLE_DEBUG_INFO = INCLUDE_SOURCE;
				MTL_FAST_MATH = YES;
				ONLY_ACTIVE_ARCH = YES;
				SDKROOT = iphoneos;
				SWIFT_ACTIVE_COMPILATION_CONDITIONS = "DEBUG $(inherited)";
				SWIFT_OPTIMIZATION_LEVEL = "-Onone";
				SWIFT_VERSION = 5.0;
			};
			name = Debug;
		};
		B33A9E542DCAF44000E093E6 /* Release */ = {
			isa = XCBuildConfiguration;
			buildSettings = {
				ALWAYS_SEARCH_USER_PATHS = NO;
				ASSETCATALOG_COMPILER_GENERATE_SWIFT_ASSET_SYMBOL_EXTENSIONS = YES;
				CLANG_ANALYZER_NONNULL = YES;
				CLANG_ANALYZER_NUMBER_OBJECT_CONVERSION = YES_AGGRESSIVE;
				CLANG_CXX_LANGUAGE_STANDARD = "gnu++20";
				CLANG_ENABLE_MODULES = YES;
				CLANG_ENABLE_OBJC_ARC = YES;
				CLANG_ENABLE_OBJC_WEAK = YES;
				CLANG_WARN_BLOCK_CAPTURE_AUTORELEASING = YES;
				CLANG_WARN_BOOL_CONVERSION = YES;
				CLANG_WARN_COMMA = YES;
				CLANG_WARN_CONSTANT_CONVERSION = YES;
				CLANG_WARN_DEPRECATED_OBJC_IMPLEMENTATIONS = YES;
				CLANG_WARN_DIRECT_OBJC_ISA_USAGE = YES_ERROR;
				CLANG_WARN_DOCUMENTATION_COMMENTS = YES;
				CLANG_WARN_EMPTY_BODY = YES;
				CLANG_WARN_ENUM_CONVERSION = YES;
				CLANG_WARN_INFINITE_RECURSION = YES;
				CLANG_WARN_INT_CONVERSION = YES;
				CLANG_WARN_NON_LITERAL_NULL_CONVERSION = YES;
				CLANG_WARN_OBJC_IMPLICIT_RETAIN_SELF = YES;
				CLANG_WARN_OBJC_LITERAL_CONVERSION = YES;
				CLANG_WARN_OBJC_ROOT_CLASS = YES_ERROR;
				CLANG_WARN_QUOTED_INCLUDE_IN_FRAMEWORK_HEADER = YES;
				CLANG_WARN_RANGE_LOOP_ANALYSIS = YES;
				CLANG_WARN_STRICT_PROTOTYPES = YES;
				CLANG_WARN_SUSPICIOUS_MOVE = YES;
				CLANG_WARN_UNGUARDED_AVAILABILITY = YES_AGGRESSIVE;
				CLANG_WARN_UNREACHABLE_CODE = YES;
				CLANG_WARN__DUPLICATE_METHOD_MATCH = YES;
				COPY_PHASE_STRIP = NO;
				DEBUG_INFORMATION_FORMAT = "dwarf-with-dsym";
				ENABLE_NS_ASSERTIONS = NO;
				ENABLE_STRICT_OBJC_MSGSEND = YES;
				ENABLE_USER_SCRIPT_SANDBOXING = YES;
				GCC_C_LANGUAGE_STANDARD = gnu17;
				GCC_NO_COMMON_BLOCKS = YES;
				GCC_WARN_64_TO_32_BIT_CONVERSION = YES;
				GCC_WARN_ABOUT_RETURN_TYPE = YES_ERROR;
				GCC_WARN_UNDECLARED_SELECTOR = YES;
				GCC_WARN_UNINITIALIZED_AUTOS = YES_AGGRESSIVE;
				GCC_WARN_UNUSED_FUNCTION = YES;
				GCC_WARN_UNUSED_VARIABLE = YES;
				IPHONEOS_DEPLOYMENT_TARGET = 15.6;
				LOCALIZATION_PREFERS_STRING_CATALOGS = YES;
				MTL_ENABLE_DEBUG_INFO = NO;
				MTL_FAST_MATH = YES;
				SDKROOT = iphoneos;
				SWIFT_COMPILATION_MODE = wholemodule;
				SWIFT_VERSION = 5.0;
				VALIDATE_PRODUCT = YES;
			};
			name = Release;
		};
		B33A9E562DCAF44000E093E6 /* Debug */ = {
			isa = XCBuildConfiguration;
			baseConfigurationReference = E7F04E2DB3A04757C616EF13 /* Pods-VGSTests.debug.xcconfig */;
			buildSettings = {
				BUNDLE_LOADER = "$(TEST_HOST)";
				CODE_SIGN_STYLE = Automatic;
				CURRENT_PROJECT_VERSION = 1;
				DEVELOPMENT_TEAM = G75UAV755N;
				GENERATE_INFOPLIST_FILE = YES;
				IPHONEOS_DEPLOYMENT_TARGET = 18.2;
				MARKETING_VERSION = 1.0;
				PRODUCT_BUNDLE_IDENTIFIER = com.tjlabscorp.ios.VGSTests;
				PRODUCT_NAME = "$(TARGET_NAME)";
				SWIFT_EMIT_LOC_STRINGS = NO;
				SWIFT_VERSION = 5.0;
				TARGETED_DEVICE_FAMILY = "1,2";
				TEST_HOST = "$(BUILT_PRODUCTS_DIR)/VGS.app/$(BUNDLE_EXECUTABLE_FOLDER_PATH)/VGS";
			};
			name = Debug;
		};
		B33A9E572DCAF44000E093E6 /* Release */ = {
			isa = XCBuildConfiguration;
			baseConfigurationReference = 83BEA20F715562BA5072353A /* Pods-VGSTests.release.xcconfig */;
			buildSettings = {
				BUNDLE_LOADER = "$(TEST_HOST)";
				CODE_SIGN_STYLE = Automatic;
				CURRENT_PROJECT_VERSION = 1;
				DEVELOPMENT_TEAM = G75UAV755N;
				GENERATE_INFOPLIST_FILE = YES;
				IPHONEOS_DEPLOYMENT_TARGET = 18.2;
				MARKETING_VERSION = 1.0;
				PRODUCT_BUNDLE_IDENTIFIER = com.tjlabscorp.ios.VGSTests;
				PRODUCT_NAME = "$(TARGET_NAME)";
				SWIFT_EMIT_LOC_STRINGS = NO;
				SWIFT_VERSION = 5.0;
				TARGETED_DEVICE_FAMILY = "1,2";
				TEST_HOST = "$(BUILT_PRODUCTS_DIR)/VGS.app/$(BUNDLE_EXECUTABLE_FOLDER_PATH)/VGS";
			};
			name = Release;
		};
		B33A9E592DCAF44000E093E6 /* Debug */ = {
			isa = XCBuildConfiguration;
			baseConfigurationReference = 2ED4C66A2A84DD7B1C953596 /* Pods-VGS-VGSUITests.debug.xcconfig */;
			buildSettings = {
				CODE_SIGN_STYLE = Automatic;
				CURRENT_PROJECT_VERSION = 1;
				DEVELOPMENT_TEAM = G75UAV755N;
				GENERATE_INFOPLIST_FILE = YES;
				MARKETING_VERSION = 1.0;
				PRODUCT_BUNDLE_IDENTIFIER = com.tjlabscorp.ios.VGSUITests;
				PRODUCT_NAME = "$(TARGET_NAME)";
				SWIFT_EMIT_LOC_STRINGS = NO;
				SWIFT_VERSION = 5.0;
				TARGETED_DEVICE_FAMILY = "1,2";
				TEST_TARGET_NAME = VGS;
			};
			name = Debug;
		};
		B33A9E5A2DCAF44000E093E6 /* Release */ = {
			isa = XCBuildConfiguration;
			baseConfigurationReference = D0069715B92AFDE72915F2B6 /* Pods-VGS-VGSUITests.release.xcconfig */;
			buildSettings = {
				CODE_SIGN_STYLE = Automatic;
				CURRENT_PROJECT_VERSION = 1;
				DEVELOPMENT_TEAM = G75UAV755N;
				GENERATE_INFOPLIST_FILE = YES;
				MARKETING_VERSION = 1.0;
				PRODUCT_BUNDLE_IDENTIFIER = com.tjlabscorp.ios.VGSUITests;
				PRODUCT_NAME = "$(TARGET_NAME)";
				SWIFT_EMIT_LOC_STRINGS = NO;
				SWIFT_VERSION = 5.0;
				TARGETED_DEVICE_FAMILY = "1,2";
				TEST_TARGET_NAME = VGS;
			};
			name = Release;
		};
/* End XCBuildConfiguration section */

/* Begin XCConfigurationList section */
		B33A9E222DCAF43D00E093E6 /* Build configuration list for PBXProject "VGS" */ = {
			isa = XCConfigurationList;
			buildConfigurations = (
				B33A9E532DCAF44000E093E6 /* Debug */,
				B33A9E542DCAF44000E093E6 /* Release */,
			);
			defaultConfigurationIsVisible = 0;
			defaultConfigurationName = Release;
		};
		B33A9E502DCAF44000E093E6 /* Build configuration list for PBXNativeTarget "VGS" */ = {
			isa = XCConfigurationList;
			buildConfigurations = (
				B33A9E512DCAF44000E093E6 /* Debug */,
				B33A9E522DCAF44000E093E6 /* Release */,
			);
			defaultConfigurationIsVisible = 0;
			defaultConfigurationName = Release;
		};
		B33A9E552DCAF44000E093E6 /* Build configuration list for PBXNativeTarget "VGSTests" */ = {
			isa = XCConfigurationList;
			buildConfigurations = (
				B33A9E562DCAF44000E093E6 /* Debug */,
				B33A9E572DCAF44000E093E6 /* Release */,
			);
			defaultConfigurationIsVisible = 0;
			defaultConfigurationName = Release;
		};
		B33A9E582DCAF44000E093E6 /* Build configuration list for PBXNativeTarget "VGSUITests" */ = {
			isa = XCConfigurationList;
			buildConfigurations = (
				B33A9E592DCAF44000E093E6 /* Debug */,
				B33A9E5A2DCAF44000E093E6 /* Release */,
			);
			defaultConfigurationIsVisible = 0;
			defaultConfigurationName = Release;
		};
/* End XCConfigurationList section */

/* Begin XCRemoteSwiftPackageReference section */
		B3F51BF62DFFFBEF0069CD8A /* XCRemoteSwiftPackageReference "firebase-ios-sdk" */ = {
			isa = XCRemoteSwiftPackageReference;
			repositoryURL = "https://github.com/firebase/firebase-ios-sdk";
			requirement = {
				kind = upToNextMajorVersion;
				minimumVersion = 11.14.0;
			};
		};
/* End XCRemoteSwiftPackageReference section */

/* Begin XCSwiftPackageProductDependency section */
		B3F51BF72DFFFBEF0069CD8A /* FirebaseAnalytics */ = {
			isa = XCSwiftPackageProductDependency;
			package = B3F51BF62DFFFBEF0069CD8A /* XCRemoteSwiftPackageReference "firebase-ios-sdk" */;
			productName = FirebaseAnalytics;
		};
		B3F51BF92DFFFBEF0069CD8A /* FirebaseCore */ = {
			isa = XCSwiftPackageProductDependency;
			package = B3F51BF62DFFFBEF0069CD8A /* XCRemoteSwiftPackageReference "firebase-ios-sdk" */;
			productName = FirebaseCore;
		};
		B3F51BFB2DFFFBEF0069CD8A /* FirebaseCrashlytics */ = {
			isa = XCSwiftPackageProductDependency;
			package = B3F51BF62DFFFBEF0069CD8A /* XCRemoteSwiftPackageReference "firebase-ios-sdk" */;
			productName = FirebaseCrashlytics;
		};
		B3F51BFD2DFFFBEF0069CD8A /* FirebaseFirestore */ = {
			isa = XCSwiftPackageProductDependency;
			package = B3F51BF62DFFFBEF0069CD8A /* XCRemoteSwiftPackageReference "firebase-ios-sdk" */;
			productName = FirebaseFirestore;
		};
		B3F51BFF2DFFFBEF0069CD8A /* FirebaseRemoteConfig */ = {
			isa = XCSwiftPackageProductDependency;
			package = B3F51BF62DFFFBEF0069CD8A /* XCRemoteSwiftPackageReference "firebase-ios-sdk" */;
			productName = FirebaseRemoteConfig;
		};
/* End XCSwiftPackageProductDependency section */
	};
	rootObject = B33A9E1F2DCAF43D00E093E6 /* Project object */;
}
