// !$*UTF8*$!
{
	archiveVersion = 1;
	classes = {
	};
	objectVersion = 77;
	objects = {

/* Begin PBXContainerItemProxy section */
		B33A9E3E2DCAF44000E093E6 /* PBXContainerItemProxy */ = {
			isa = PBXContainerItemProxy;
			containerPortal = B33A9E1F2DCAF43D00E093E6 /* Project object */;
			proxyType = 1;
			remoteGlobalIDString = B33A9E262DCAF43D00E093E6;
			remoteInfo = VGS;
		};
		B33A9E482DCAF44000E093E6 /* PBXContainerItemProxy */ = {
			isa = PBXContainerItemProxy;
			containerPortal = B33A9E1F2DCAF43D00E093E6 /* Project object */;
			proxyType = 1;
			remoteGlobalIDString = B33A9E262DCAF43D00E093E6;
			remoteInfo = VGS;
		};
/* End PBXContainerItemProxy section */

/* Begin PBXFileReference section */
		B33A9E272DCAF43D00E093E6 /* VGS.app */ = {isa = PBXFileReference; explicitFileType = wrapper.application; includeInIndex = 0; path = VGS.app; sourceTree = BUILT_PRODUCTS_DIR; };
		B33A9E3D2DCAF44000E093E6 /* VGSTests.xctest */ = {isa = PBXFileReference; explicitFileType = wrapper.cfbundle; includeInIndex = 0; path = VGSTests.xctest; sourceTree = BUILT_PRODUCTS_DIR; };
		B33A9E472DCAF44000E093E6 /* VGSUITests.xctest */ = {isa = PBXFileReference; explicitFileType = wrapper.cfbundle; includeInIndex = 0; path = VGSUITests.xctest; sourceTree = BUILT_PRODUCTS_DIR; };
/* End PBXFileReference section */

/* Begin PBXFileSystemSynchronizedBuildFileExceptionSet section */
		B33A9E4F2DCAF44000E093E6 /* Exceptions for "VGS" folder in "VGS" target */ = {
			isa = PBXFileSystemSynchronizedBuildFileExceptionSet;
			membershipExceptions = (
				Info.plist,
			);
			target = B33A9E262DCAF43D00E093E6 /* VGS */;
		};
/* End PBXFileSystemSynchronizedBuildFileExceptionSet section */

/* Begin PBXFileSystemSynchronizedRootGroup section */
		B33A9E292DCAF43D00E093E6 /* VGS */ = {
			isa = PBXFileSystemSynchronizedRootGroup;
			exceptions = (
				B33A9E4F2DCAF44000E093E6 /* Exceptions for "VGS" folder in "VGS" target */,
			);
			path = VGS;
			sourceTree = "<group>";
		};
		B33A9E402DCAF44000E093E6 /* VGSTests */ = {
			isa = PBXFileSystemSynchronizedRootGroup;
			path = VGSTests;
			sourceTree = "<group>";
		};
		B33A9E4A2DCAF44000E093E6 /* VGSUITests */ = {
			isa = PBXFileSystemSynchronizedRootGroup;
			path = VGSUITests;
			sourceTree = "<group>";
		};
/* End PBXFileSystemSynchronizedRootGroup section */

/* Begin PBXFrameworksBuildPhase section */
		B33A9E242DCAF43D00E093E6 /* Frameworks */ = {
			isa = PBXFrameworksBuildPhase;
			buildActionMask = 2147483647;
			files = (
			);
			runOnlyForDeploymentPostprocessing = 0;
		};
		B33A9E3A2DCAF44000E093E6 /* Frameworks */ = {
			isa = PBXFrameworksBuildPhase;
			buildActionMask = 2147483647;
			files = (
			);
			runOnlyForDeploymentPostprocessing = 0;
		};
		B33A9E442DCAF44000E093E6 /* Frameworks */ = {
			isa = PBXFrameworksBuildPhase;
			buildActionMask = 2147483647;
			files = (
			);
			runOnlyForDeploymentPostprocessing = 0;
		};
/* End PBXFrameworksBuildPhase section */

/* Begin PBXGroup section */
		B33A9E1E2DCAF43D00E093E6 = {
			isa = PBXGroup;
			children = (
				B33A9E292DCAF43D00E093E6 /* VGS */,
				B33A9E402DCAF44000E093E6 /* VGSTests */,
				B33A9E4A2DCAF44000E093E6 /* VGSUITests */,
				B33A9E282DCAF43D00E093E6 /* Products */,
			);
			sourceTree = "<group>";
		};
		B33A9E282DCAF43D00E093E6 /* Products */ = {
			isa = PBXGroup;
			children = (
				B33A9E272DCAF43D00E093E6 /* VGS.app */,
				B33A9E3D2DCAF44000E093E6 /* VGSTests.xctest */,
				B33A9E472DCAF44000E093E6 /* VGSUITests.xctest */,
			);
			name = Products;
			sourceTree = "<group>";
		};
/* End PBXGroup section */

/* Begin PBXNativeTarget section */
		B33A9E262DCAF43D00E093E6 /* VGS */ = {
			isa = PBXNativeTarget;
			buildConfigurationList = B33A9E502DCAF44000E093E6 /* Build configuration list for PBXNativeTarget "VGS" */;
			buildPhases = (
				B33A9E232DCAF43D00E093E6 /* Sources */,
				B33A9E242DCAF43D00E093E6 /* Frameworks */,
				B33A9E252DCAF43D00E093E6 /* Resources */,
			);
			buildRules = (
			);
			dependencies = (
			);
			fileSystemSynchronizedGroups = (
				B33A9E292DCAF43D00E093E6 /* VGS */,
			);
			name = VGS;
			packageProductDependencies = (
			);
			productName = VGS;
			productReference = B33A9E272DCAF43D00E093E6 /* VGS.app */;
			productType = "com.apple.product-type.application";
		};
		B33A9E3C2DCAF44000E093E6 /* VGSTests */ = {
			isa = PBXNativeTarget;
			buildConfigurationList = B33A9E552DCAF44000E093E6 /* Build configuration list for PBXNativeTarget "VGSTests" */;
			buildPhases = (
				B33A9E392DCAF44000E093E6 /* Sources */,
				B33A9E3A2DCAF44000E093E6 /* Frameworks */,
				B33A9E3B2DCAF44000E093E6 /* Resources */,
			);
			buildRules = (
			);
			dependencies = (
				B33A9E3F2DCAF44000E093E6 /* PBXTargetDependency */,
			);
			fileSystemSynchronizedGroups = (
				B33A9E402DCAF44000E093E6 /* VGSTests */,
			);
			name = VGSTests;
			packageProductDependencies = (
			);
			productName = VGSTests;
			productReference = B33A9E3D2DCAF44000E093E6 /* VGSTests.xctest */;
			productType = "com.apple.product-type.bundle.unit-test";
		};
		B33A9E462DCAF44000E093E6 /* VGSUITests */ = {
			isa = PBXNativeTarget;
			buildConfigurationList = B33A9E582DCAF44000E093E6 /* Build configuration list for PBXNativeTarget "VGSUITests" */;
			buildPhases = (
				B33A9E432DCAF44000E093E6 /* Sources */,
				B33A9E442DCAF44000E093E6 /* Frameworks */,
				B33A9E452DCAF44000E093E6 /* Resources */,
			);
			buildRules = (
			);
			dependencies = (
				B33A9E492DCAF44000E093E6 /* PBXTargetDependency */,
			);
			fileSystemSynchronizedGroups = (
				B33A9E4A2DCAF44000E093E6 /* VGSUITests */,
			);
			name = VGSUITests;
			packageProductDependencies = (
			);
			productName = VGSUITests;
			productReference = B33A9E472DCAF44000E093E6 /* VGSUITests.xctest */;
			productType = "com.apple.product-type.bundle.ui-testing";
		};
/* End PBXNativeTarget section */

/* Begin PBXProject section */
		B33A9E1F2DCAF43D00E093E6 /* Project object */ = {
			isa = PBXProject;
			attributes = {
				BuildIndependentTargetsInParallel = 1;
				LastSwiftUpdateCheck = 1620;
				LastUpgradeCheck = 1620;
				TargetAttributes = {
					B33A9E262DCAF43D00E093E6 = {
						CreatedOnToolsVersion = 16.2;
					};
					B33A9E3C2DCAF44000E093E6 = {
						CreatedOnToolsVersion = 16.2;
						TestTargetID = B33A9E262DCAF43D00E093E6;
					};
					B33A9E462DCAF44000E093E6 = {
						CreatedOnToolsVersion = 16.2;
						TestTargetID = B33A9E262DCAF43D00E093E6;
					};
				};
			};
			buildConfigurationList = B33A9E222DCAF43D00E093E6 /* Build configuration list for PBXProject "VGS" */;
			developmentRegion = en;
			hasScannedForEncodings = 0;
			knownRegions = (
				en,
				Base,
			);
			mainGroup = B33A9E1E2DCAF43D00E093E6;
			minimizedProjectReferenceProxies = 1;
			preferredProjectObjectVersion = 77;
			productRefGroup = B33A9E282DCAF43D00E093E6 /* Products */;
			projectDirPath = "";
			projectRoot = "";
			targets = (
				B33A9E262DCAF43D00E093E6 /* VGS */,
				B33A9E3C2DCAF44000E093E6 /* VGSTests */,
				B33A9E462DCAF44000E093E6 /* VGSUITests */,
			);
		};
/* End PBXProject section */

/* Begin PBXResourcesBuildPhase section */
		B33A9E252DCAF43D00E093E6 /* Resources */ = {
			isa = PBXResourcesBuildPhase;
			buildActionMask = 2147483647;
			files = (
			);
			runOnlyForDeploymentPostprocessing = 0;
		};
		B33A9E3B2DCAF44000E093E6 /* Resources */ = {
			isa = PBXResourcesBuildPhase;
			buildActionMask = 2147483647;
			files = (
			);
			runOnlyForDeploymentPostprocessing = 0;
		};
		B33A9E452DCAF44000E093E6 /* Resources */ = {
			isa = PBXResourcesBuildPhase;
			buildActionMask = 2147483647;
			files = (
			);
			runOnlyForDeploymentPostprocessing = 0;
		};
/* End PBXResourcesBuildPhase section */

/* Begin PBXSourcesBuildPhase section */
		B33A9E232DCAF43D00E093E6 /* Sources */ = {
			isa = PBXSourcesBuildPhase;
			buildActionMask = 2147483647;
			files = (
			);
			runOnlyForDeploymentPostprocessing = 0;
		};
		B33A9E392DCAF44000E093E6 /* Sources */ = {
			isa = PBXSourcesBuildPhase;
			buildActionMask = 2147483647;
			files = (
			);
			runOnlyForDeploymentPostprocessing = 0;
		};
		B33A9E432DCAF44000E093E6 /* Sources */ = {
			isa = PBXSourcesBuildPhase;
			buildActionMask = 2147483647;
			files = (
			);
			runOnlyForDeploymentPostprocessing = 0;
		};
/* End PBXSourcesBuildPhase section */

/* Begin PBXTargetDependency section */
		B33A9E3F2DCAF44000E093E6 /* PBXTargetDependency */ = {
			isa = PBXTargetDependency;
			target = B33A9E262DCAF43D00E093E6 /* VGS */;
			targetProxy = B33A9E3E2DCAF44000E093E6 /* PBXContainerItemProxy */;
		};
		B33A9E492DCAF44000E093E6 /* PBXTargetDependency */ = {
			isa = PBXTargetDependency;
			target = B33A9E262DCAF43D00E093E6 /* VGS */;
			targetProxy = B33A9E482DCAF44000E093E6 /* PBXContainerItemProxy */;
		};
/* End PBXTargetDependency section */

/* Begin XCBuildConfiguration section */
		B33A9E512DCAF44000E093E6 /* Debug */ = {
			isa = XCBuildConfiguration;
			buildSettings = {
				ASSETCATALOG_COMPILER_APPICON_NAME = AppIcon;
				ASSETCATALOG_COMPILER_GLOBAL_ACCENT_COLOR_NAME = AccentColor;
				CODE_SIGN_STYLE = Automatic;
				CURRENT_PROJECT_VERSION = 1;
				DEVELOPMENT_TEAM = G75UAV755N;
				GENERATE_INFOPLIST_FILE = YES;
				INFOPLIST_FILE = VGS/Info.plist;
				INFOPLIST_KEY_LSSupportsOpeningDocumentsInPlace = YES;
				INFOPLIST_KEY_NSBluetoothAlwaysUsageDescription = "블루투스 신호를 이용하여 사용자에게 위치 정보를 제공하므로, 블루투스 관련 권한 허용이 필요합니다.";
				INFOPLIST_KEY_NSBluetoothPeripheralUsageDescription = "블루투스 신호를 이용하여 사용자에게 위치 정보를 제공하므로, 블루투스 관련 권한 허용이 필요합니다.";
				INFOPLIST_KEY_NSLocationWhenInUseUsageDescription = "블루투스 신호를 이용하여 사용자에게 위치 정보를 제공하므로, 위치 권한 허용이 필요합니다.";
				INFOPLIST_KEY_NSMotionUsageDescription = "Allow my app to access motion usage.";
				INFOPLIST_KEY_UIApplicationSupportsIndirectInputEvents = YES;
				INFOPLIST_KEY_UILaunchStoryboardName = LaunchScreen;
				INFOPLIST_KEY_UIMainStoryboardFile = Main;
				INFOPLIST_KEY_UIRequiredDeviceCapabilities = "armv7 accelerometer gyroscope magnetometer bluetooth-le";
				INFOPLIST_KEY_UISupportedInterfaceOrientations_iPad = "UIInterfaceOrientationPortrait UIInterfaceOrientationPortraitUpsideDown UIInterfaceOrientationLandscapeLeft UIInterfaceOrientationLandscapeRight";
				INFOPLIST_KEY_UISupportedInterfaceOrientations_iPhone = "UIInterfaceOrientationPortrait UIInterfaceOrientationLandscapeLeft UIInterfaceOrientationLandscapeRight";
				INFOPLIST_KEY_UIUserInterfaceStyle = Light;
				IPHONEOS_DEPLOYMENT_TARGET = 16.6;
				LD_RUNPATH_SEARCH_PATHS = (
					"$(inherited)",
					"@executable_path/Frameworks",
				);
				MARKETING_VERSION = 1.0;
				PRODUCT_BUNDLE_IDENTIFIER = com.tjlabscorp.ios.VGS;
				PRODUCT_NAME = "$(TARGET_NAME)";
				SUPPORTED_PLATFORMS = "iphoneos iphonesimulator";
				SUPPORTS_MACCATALYST = NO;
				SUPPORTS_MAC_DESIGNED_FOR_IPHONE_IPAD = NO;
				SUPPORTS_XR_DESIGNED_FOR_IPHONE_IPAD = NO;
				SWIFT_EMIT_LOC_STRINGS = YES;
				SWIFT_VERSION = 5.0;
				TARGETED_DEVICE_FAMILY = 1;
			};
			name = Debug;
		};
		B33A9E522DCAF44000E093E6 /* Release */ = {
			isa = XCBuildConfiguration;
			buildSettings = {
				ASSETCATALOG_COMPILER_APPICON_NAME = AppIcon;
				ASSETCATALOG_COMPILER_GLOBAL_ACCENT_COLOR_NAME = AccentColor;
				CODE_SIGN_STYLE = Automatic;
				CURRENT_PROJECT_VERSION = 1;
				DEVELOPMENT_TEAM = G75UAV755N;
				GENERATE_INFOPLIST_FILE = YES;
				INFOPLIST_FILE = VGS/Info.plist;
				INFOPLIST_KEY_LSSupportsOpeningDocumentsInPlace = YES;
				INFOPLIST_KEY_NSBluetoothAlwaysUsageDescription = "블루투스 신호를 이용하여 사용자에게 위치 정보를 제공하므로, 블루투스 관련 권한 허용이 필요합니다.";
				INFOPLIST_KEY_NSBluetoothPeripheralUsageDescription = "블루투스 신호를 이용하여 사용자에게 위치 정보를 제공하므로, 블루투스 관련 권한 허용이 필요합니다.";
				INFOPLIST_KEY_NSLocationWhenInUseUsageDescription = "블루투스 신호를 이용하여 사용자에게 위치 정보를 제공하므로, 위치 권한 허용이 필요합니다.";
				INFOPLIST_KEY_NSMotionUsageDescription = "Allow my app to access motion usage.";
				INFOPLIST_KEY_UIApplicationSupportsIndirectInputEvents = YES;
				INFOPLIST_KEY_UILaunchStoryboardName = LaunchScreen;
				INFOPLIST_KEY_UIMainStoryboardFile = Main;
				INFOPLIST_KEY_UIRequiredDeviceCapabilities = "armv7 accelerometer gyroscope magnetometer bluetooth-le";
				INFOPLIST_KEY_UISupportedInterfaceOrientations_iPad = "UIInterfaceOrientationPortrait UIInterfaceOrientationPortraitUpsideDown UIInterfaceOrientationLandscapeLeft UIInterfaceOrientationLandscapeRight";
				INFOPLIST_KEY_UISupportedInterfaceOrientations_iPhone = "UIInterfaceOrientationPortrait UIInterfaceOrientationLandscapeLeft UIInterfaceOrientationLandscapeRight";
				INFOPLIST_KEY_UIUserInterfaceStyle = Light;
				IPHONEOS_DEPLOYMENT_TARGET = 16.6;
				LD_RUNPATH_SEARCH_PATHS = (
					"$(inherited)",
					"@executable_path/Frameworks",
				);
				MARKETING_VERSION = 1.0;
				PRODUCT_BUNDLE_IDENTIFIER = com.tjlabscorp.ios.VGS;
				PRODUCT_NAME = "$(TARGET_NAME)";
				SUPPORTED_PLATFORMS = "iphoneos iphonesimulator";
				SUPPORTS_MACCATALYST = NO;
				SUPPORTS_MAC_DESIGNED_FOR_IPHONE_IPAD = NO;
				SUPPORTS_XR_DESIGNED_FOR_IPHONE_IPAD = NO;
				SWIFT_EMIT_LOC_STRINGS = YES;
				SWIFT_VERSION = 5.0;
				TARGETED_DEVICE_FAMILY = 1;
			};
			name = Release;
		};
		B33A9E532DCAF44000E093E6 /* Debug */ = {
			isa = XCBuildConfiguration;
			buildSettings = {
				ALWAYS_SEARCH_USER_PATHS = NO;
				ASSETCATALOG_COMPILER_GENERATE_SWIFT_ASSET_SYMBOL_EXTENSIONS = YES;
				CLANG_ANALYZER_NONNULL = YES;
				CLANG_ANALYZER_NUMBER_OBJECT_CONVERSION = YES_AGGRESSIVE;
				CLANG_CXX_LANGUAGE_STANDARD = "gnu++20";
				CLANG_ENABLE_MODULES = YES;
				CLANG_ENABLE_OBJC_ARC = YES;
				CLANG_ENABLE_OBJC_WEAK = YES;
				CLANG_WARN_BLOCK_CAPTURE_AUTORELEASING = YES;
				CLANG_WARN_BOOL_CONVERSION = YES;
				CLANG_WARN_COMMA = YES;
				CLANG_WARN_CONSTANT_CONVERSION = YES;
				CLANG_WARN_DEPRECATED_OBJC_IMPLEMENTATIONS = YES;
				CLANG_WARN_DIRECT_OBJC_ISA_USAGE = YES_ERROR;
				CLANG_WARN_DOCUMENTATION_COMMENTS = YES;
				CLANG_WARN_EMPTY_BODY = YES;
				CLANG_WARN_ENUM_CONVERSION = YES;
				CLANG_WARN_INFINITE_RECURSION = YES;
				CLANG_WARN_INT_CONVERSION = YES;
				CLANG_WARN_NON_LITERAL_NULL_CONVERSION = YES;
				CLANG_WARN_OBJC_IMPLICIT_RETAIN_SELF = YES;
				CLANG_WARN_OBJC_LITERAL_CONVERSION = YES;
				CLANG_WARN_OBJC_ROOT_CLASS = YES_ERROR;
				CLANG_WARN_QUOTED_INCLUDE_IN_FRAMEWORK_HEADER = YES;
				CLANG_WARN_RANGE_LOOP_ANALYSIS = YES;
				CLANG_WARN_STRICT_PROTOTYPES = YES;
				CLANG_WARN_SUSPICIOUS_MOVE = YES;
				CLANG_WARN_UNGUARDED_AVAILABILITY = YES_AGGRESSIVE;
				CLANG_WARN_UNREACHABLE_CODE = YES;
				CLANG_WARN__DUPLICATE_METHOD_MATCH = YES;
				COPY_PHASE_STRIP = NO;
				DEBUG_INFORMATION_FORMAT = dwarf;
				ENABLE_STRICT_OBJC_MSGSEND = YES;
				ENABLE_TESTABILITY = YES;
				ENABLE_USER_SCRIPT_SANDBOXING = YES;
				GCC_C_LANGUAGE_STANDARD = gnu17;
				GCC_DYNAMIC_NO_PIC = NO;
				GCC_NO_COMMON_BLOCKS = YES;
				GCC_OPTIMIZATION_LEVEL = 0;
				GCC_PREPROCESSOR_DEFINITIONS = (
					"DEBUG=1",
					"$(inherited)",
				);
				GCC_WARN_64_TO_32_BIT_CONVERSION = YES;
				GCC_WARN_ABOUT_RETURN_TYPE = YES_ERROR;
				GCC_WARN_UNDECLARED_SELECTOR = YES;
				GCC_WARN_UNINITIALIZED_AUTOS = YES_AGGRESSIVE;
				GCC_WARN_UNUSED_FUNCTION = YES;
				GCC_WARN_UNUSED_VARIABLE = YES;
				IPHONEOS_DEPLOYMENT_TARGET = 18.2;
				LOCALIZATION_PREFERS_STRING_CATALOGS = YES;
				MTL_ENABLE_DEBUG_INFO = INCLUDE_SOURCE;
				MTL_FAST_MATH = YES;
				ONLY_ACTIVE_ARCH = YES;
				SDKROOT = iphoneos;
				SWIFT_ACTIVE_COMPILATION_CONDITIONS = "DEBUG $(inherited)";
				SWIFT_OPTIMIZATION_LEVEL = "-Onone";
			};
			name = Debug;
		};
		B33A9E542DCAF44000E093E6 /* Release */ = {
			isa = XCBuildConfiguration;
			buildSettings = {
				ALWAYS_SEARCH_USER_PATHS = NO;
				ASSETCATALOG_COMPILER_GENERATE_SWIFT_ASSET_SYMBOL_EXTENSIONS = YES;
				CLANG_ANALYZER_NONNULL = YES;
				CLANG_ANALYZER_NUMBER_OBJECT_CONVERSION = YES_AGGRESSIVE;
				CLANG_CXX_LANGUAGE_STANDARD = "gnu++20";
				CLANG_ENABLE_MODULES = YES;
				CLANG_ENABLE_OBJC_ARC = YES;
				CLANG_ENABLE_OBJC_WEAK = YES;
				CLANG_WARN_BLOCK_CAPTURE_AUTORELEASING = YES;
				CLANG_WARN_BOOL_CONVERSION = YES;
				CLANG_WARN_COMMA = YES;
				CLANG_WARN_CONSTANT_CONVERSION = YES;
				CLANG_WARN_DEPRECATED_OBJC_IMPLEMENTATIONS = YES;
				CLANG_WARN_DIRECT_OBJC_ISA_USAGE = YES_ERROR;
				CLANG_WARN_DOCUMENTATION_COMMENTS = YES;
				CLANG_WARN_EMPTY_BODY = YES;
				CLANG_WARN_ENUM_CONVERSION = YES;
				CLANG_WARN_INFINITE_RECURSION = YES;
				CLANG_WARN_INT_CONVERSION = YES;
				CLANG_WARN_NON_LITERAL_NULL_CONVERSION = YES;
				CLANG_WARN_OBJC_IMPLICIT_RETAIN_SELF = YES;
				CLANG_WARN_OBJC_LITERAL_CONVERSION = YES;
				CLANG_WARN_OBJC_ROOT_CLASS = YES_ERROR;
				CLANG_WARN_QUOTED_INCLUDE_IN_FRAMEWORK_HEADER = YES;
				CLANG_WARN_RANGE_LOOP_ANALYSIS = YES;
				CLANG_WARN_STRICT_PROTOTYPES = YES;
				CLANG_WARN_SUSPICIOUS_MOVE = YES;
				CLANG_WARN_UNGUARDED_AVAILABILITY = YES_AGGRESSIVE;
				CLANG_WARN_UNREACHABLE_CODE = YES;
				CLANG_WARN__DUPLICATE_METHOD_MATCH = YES;
				COPY_PHASE_STRIP = NO;
				DEBUG_INFORMATION_FORMAT = "dwarf-with-dsym";
				ENABLE_NS_ASSERTIONS = NO;
				ENABLE_STRICT_OBJC_MSGSEND = YES;
				ENABLE_USER_SCRIPT_SANDBOXING = YES;
				GCC_C_LANGUAGE_STANDARD = gnu17;
				GCC_NO_COMMON_BLOCKS = YES;
				GCC_WARN_64_TO_32_BIT_CONVERSION = YES;
				GCC_WARN_ABOUT_RETURN_TYPE = YES_ERROR;
				GCC_WARN_UNDECLARED_SELECTOR = YES;
				GCC_WARN_UNINITIALIZED_AUTOS = YES_AGGRESSIVE;
				GCC_WARN_UNUSED_FUNCTION = YES;
				GCC_WARN_UNUSED_VARIABLE = YES;
				IPHONEOS_DEPLOYMENT_TARGET = 18.2;
				LOCALIZATION_PREFERS_STRING_CATALOGS = YES;
				MTL_ENABLE_DEBUG_INFO = NO;
				MTL_FAST_MATH = YES;
				SDKROOT = iphoneos;
				SWIFT_COMPILATION_MODE = wholemodule;
				VALIDATE_PRODUCT = YES;
			};
			name = Release;
		};
		B33A9E562DCAF44000E093E6 /* Debug */ = {
			isa = XCBuildConfiguration;
			buildSettings = {
				BUNDLE_LOADER = "$(TEST_HOST)";
				CODE_SIGN_STYLE = Automatic;
				CURRENT_PROJECT_VERSION = 1;
				DEVELOPMENT_TEAM = G75UAV755N;
				GENERATE_INFOPLIST_FILE = YES;
				IPHONEOS_DEPLOYMENT_TARGET = 18.2;
				MARKETING_VERSION = 1.0;
				PRODUCT_BUNDLE_IDENTIFIER = com.tjlabscorp.ios.VGSTests;
				PRODUCT_NAME = "$(TARGET_NAME)";
				SWIFT_EMIT_LOC_STRINGS = NO;
				SWIFT_VERSION = 5.0;
				TARGETED_DEVICE_FAMILY = "1,2";
				TEST_HOST = "$(BUILT_PRODUCTS_DIR)/VGS.app/$(BUNDLE_EXECUTABLE_FOLDER_PATH)/VGS";
			};
			name = Debug;
		};
		B33A9E572DCAF44000E093E6 /* Release */ = {
			isa = XCBuildConfiguration;
			buildSettings = {
				BUNDLE_LOADER = "$(TEST_HOST)";
				CODE_SIGN_STYLE = Automatic;
				CURRENT_PROJECT_VERSION = 1;
				DEVELOPMENT_TEAM = G75UAV755N;
				GENERATE_INFOPLIST_FILE = YES;
				IPHONEOS_DEPLOYMENT_TARGET = 18.2;
				MARKETING_VERSION = 1.0;
				PRODUCT_BUNDLE_IDENTIFIER = com.tjlabscorp.ios.VGSTests;
				PRODUCT_NAME = "$(TARGET_NAME)";
				SWIFT_EMIT_LOC_STRINGS = NO;
				SWIFT_VERSION = 5.0;
				TARGETED_DEVICE_FAMILY = "1,2";
				TEST_HOST = "$(BUILT_PRODUCTS_DIR)/VGS.app/$(BUNDLE_EXECUTABLE_FOLDER_PATH)/VGS";
			};
			name = Release;
		};
		B33A9E592DCAF44000E093E6 /* Debug */ = {
			isa = XCBuildConfiguration;
			buildSettings = {
				CODE_SIGN_STYLE = Automatic;
				CURRENT_PROJECT_VERSION = 1;
				DEVELOPMENT_TEAM = G75UAV755N;
				GENERATE_INFOPLIST_FILE = YES;
				MARKETING_VERSION = 1.0;
				PRODUCT_BUNDLE_IDENTIFIER = com.tjlabscorp.ios.VGSUITests;
				PRODUCT_NAME = "$(TARGET_NAME)";
				SWIFT_EMIT_LOC_STRINGS = NO;
				SWIFT_VERSION = 5.0;
				TARGETED_DEVICE_FAMILY = "1,2";
				TEST_TARGET_NAME = VGS;
			};
			name = Debug;
		};
		B33A9E5A2DCAF44000E093E6 /* Release */ = {
			isa = XCBuildConfiguration;
			buildSettings = {
				CODE_SIGN_STYLE = Automatic;
				CURRENT_PROJECT_VERSION = 1;
				DEVELOPMENT_TEAM = G75UAV755N;
				GENERATE_INFOPLIST_FILE = YES;
				MARKETING_VERSION = 1.0;
				PRODUCT_BUNDLE_IDENTIFIER = com.tjlabscorp.ios.VGSUITests;
				PRODUCT_NAME = "$(TARGET_NAME)";
				SWIFT_EMIT_LOC_STRINGS = NO;
				SWIFT_VERSION = 5.0;
				TARGETED_DEVICE_FAMILY = "1,2";
				TEST_TARGET_NAME = VGS;
			};
			name = Release;
		};
/* End XCBuildConfiguration section */

/* Begin XCConfigurationList section */
		B33A9E222DCAF43D00E093E6 /* Build configuration list for PBXProject "VGS" */ = {
			isa = XCConfigurationList;
			buildConfigurations = (
				B33A9E532DCAF44000E093E6 /* Debug */,
				B33A9E542DCAF44000E093E6 /* Release */,
			);
			defaultConfigurationIsVisible = 0;
			defaultConfigurationName = Release;
		};
		B33A9E502DCAF44000E093E6 /* Build configuration list for PBXNativeTarget "VGS" */ = {
			isa = XCConfigurationList;
			buildConfigurations = (
				B33A9E512DCAF44000E093E6 /* Debug */,
				B33A9E522DCAF44000E093E6 /* Release */,
			);
			defaultConfigurationIsVisible = 0;
			defaultConfigurationName = Release;
		};
		B33A9E552DCAF44000E093E6 /* Build configuration list for PBXNativeTarget "VGSTests" */ = {
			isa = XCConfigurationList;
			buildConfigurations = (
				B33A9E562DCAF44000E093E6 /* Debug */,
				B33A9E572DCAF44000E093E6 /* Release */,
			);
			defaultConfigurationIsVisible = 0;
			defaultConfigurationName = Release;
		};
		B33A9E582DCAF44000E093E6 /* Build configuration list for PBXNativeTarget "VGSUITests" */ = {
			isa = XCConfigurationList;
			buildConfigurations = (
				B33A9E592DCAF44000E093E6 /* Debug */,
				B33A9E5A2DCAF44000E093E6 /* Release */,
			);
			defaultConfigurationIsVisible = 0;
			defaultConfigurationName = Release;
		};
/* End XCConfigurationList section */
	};
	rootObject = B33A9E1F2DCAF43D00E093E6 /* Project object */;
}
